// !$*UTF8*$!
{
	archiveVersion = 1;
	classes = {
	};
	objectVersion = 46;
	objects = {

/* Begin PBXBuildFile section */
		9CA9410A1DED09FA002D36D4 /* AppDelegate.swift in Sources */ = {isa = PBXBuildFile; fileRef = 9CA941091DED09FA002D36D4 /* AppDelegate.swift */; };
		9CA9410C1DED09FA002D36D4 /* MainViewController.swift in Sources */ = {isa = PBXBuildFile; fileRef = 9CA9410B1DED09FA002D36D4 /* MainViewController.swift */; };
		9CA9410F1DED09FA002D36D4 /* Main.storyboard in Resources */ = {isa = PBXBuildFile; fileRef = 9CA9410D1DED09FA002D36D4 /* Main.storyboard */; };
		9CA941121DED09FA002D36D4 /* DreamLister.xcdatamodeld in Sources */ = {isa = PBXBuildFile; fileRef = 9CA941101DED09FA002D36D4 /* DreamLister.xcdatamodeld */; };
		9CA941141DED09FA002D36D4 /* Assets.xcassets in Resources */ = {isa = PBXBuildFile; fileRef = 9CA941131DED09FA002D36D4 /* Assets.xcassets */; };
		9CA941171DED09FA002D36D4 /* LaunchScreen.storyboard in Resources */ = {isa = PBXBuildFile; fileRef = 9CA941151DED09FA002D36D4 /* LaunchScreen.storyboard */; };
		9CA941261DED1163002D36D4 /* ItemType.swift in Sources */ = {isa = PBXBuildFile; fileRef = 9CA9411E1DED1163002D36D4 /* ItemType.swift */; };
		9CA941271DED1163002D36D4 /* ItemType+CoreDataProperties.swift in Sources */ = {isa = PBXBuildFile; fileRef = 9CA9411F1DED1163002D36D4 /* ItemType+CoreDataProperties.swift */; };
		9CA941281DED1163002D36D4 /* Item.swift in Sources */ = {isa = PBXBuildFile; fileRef = 9CA941201DED1163002D36D4 /* Item.swift */; };
		9CA941291DED1163002D36D4 /* Item+CoreDataProperties.swift in Sources */ = {isa = PBXBuildFile; fileRef = 9CA941211DED1163002D36D4 /* Item+CoreDataProperties.swift */; };
		9CA9412A1DED1163002D36D4 /* Image.swift in Sources */ = {isa = PBXBuildFile; fileRef = 9CA941221DED1163002D36D4 /* Image.swift */; };
		9CA9412B1DED1163002D36D4 /* Image+CoreDataProperties.swift in Sources */ = {isa = PBXBuildFile; fileRef = 9CA941231DED1163002D36D4 /* Image+CoreDataProperties.swift */; };
		9CA9412C1DED1163002D36D4 /* Store.swift in Sources */ = {isa = PBXBuildFile; fileRef = 9CA941241DED1163002D36D4 /* Store.swift */; };
		9CA9412D1DED1163002D36D4 /* Store+CoreDataProperties.swift in Sources */ = {isa = PBXBuildFile; fileRef = 9CA941251DED1163002D36D4 /* Store+CoreDataProperties.swift */; };
		9CA941321DED1E73002D36D4 /* DreamListerTableViewCell.swift in Sources */ = {isa = PBXBuildFile; fileRef = 9CA941311DED1E73002D36D4 /* DreamListerTableViewCell.swift */; };
		9CA941341DED1F27002D36D4 /* MaterialView.swift in Sources */ = {isa = PBXBuildFile; fileRef = 9CA941331DED1F27002D36D4 /* MaterialView.swift */; };
/* End PBXBuildFile section */

/* Begin PBXFileReference section */
		9CA941061DED09FA002D36D4 /* DreamLister.app */ = {isa = PBXFileReference; explicitFileType = wrapper.application; includeInIndex = 0; path = DreamLister.app; sourceTree = BUILT_PRODUCTS_DIR; };
		9CA941091DED09FA002D36D4 /* AppDelegate.swift */ = {isa = PBXFileReference; lastKnownFileType = sourcecode.swift; path = AppDelegate.swift; sourceTree = "<group>"; };
		9CA9410B1DED09FA002D36D4 /* MainViewController.swift */ = {isa = PBXFileReference; lastKnownFileType = sourcecode.swift; path = MainViewController.swift; sourceTree = "<group>"; };
		9CA9410E1DED09FA002D36D4 /* Base */ = {isa = PBXFileReference; lastKnownFileType = file.storyboard; name = Base; path = Base.lproj/Main.storyboard; sourceTree = "<group>"; };
		9CA941111DED09FA002D36D4 /* DreamLister.xcdatamodel */ = {isa = PBXFileReference; lastKnownFileType = wrapper.xcdatamodel; path = DreamLister.xcdatamodel; sourceTree = "<group>"; };
		9CA941131DED09FA002D36D4 /* Assets.xcassets */ = {isa = PBXFileReference; lastKnownFileType = folder.assetcatalog; path = Assets.xcassets; sourceTree = "<group>"; };
		9CA941161DED09FA002D36D4 /* Base */ = {isa = PBXFileReference; lastKnownFileType = file.storyboard; name = Base; path = Base.lproj/LaunchScreen.storyboard; sourceTree = "<group>"; };
		9CA941181DED09FA002D36D4 /* Info.plist */ = {isa = PBXFileReference; lastKnownFileType = text.plist.xml; path = Info.plist; sourceTree = "<group>"; };
		9CA9411E1DED1163002D36D4 /* ItemType.swift */ = {isa = PBXFileReference; fileEncoding = 4; lastKnownFileType = sourcecode.swift; path = ItemType.swift; sourceTree = "<group>"; };
		9CA9411F1DED1163002D36D4 /* ItemType+CoreDataProperties.swift */ = {isa = PBXFileReference; fileEncoding = 4; lastKnownFileType = sourcecode.swift; path = "ItemType+CoreDataProperties.swift"; sourceTree = "<group>"; };
		9CA941201DED1163002D36D4 /* Item.swift */ = {isa = PBXFileReference; fileEncoding = 4; lastKnownFileType = sourcecode.swift; path = Item.swift; sourceTree = "<group>"; };
		9CA941211DED1163002D36D4 /* Item+CoreDataProperties.swift */ = {isa = PBXFileReference; fileEncoding = 4; lastKnownFileType = sourcecode.swift; path = "Item+CoreDataProperties.swift"; sourceTree = "<group>"; };
		9CA941221DED1163002D36D4 /* Image.swift */ = {isa = PBXFileReference; fileEncoding = 4; lastKnownFileType = sourcecode.swift; path = Image.swift; sourceTree = "<group>"; };
		9CA941231DED1163002D36D4 /* Image+CoreDataProperties.swift */ = {isa = PBXFileReference; fileEncoding = 4; lastKnownFileType = sourcecode.swift; path = "Image+CoreDataProperties.swift"; sourceTree = "<group>"; };
		9CA941241DED1163002D36D4 /* Store.swift */ = {isa = PBXFileReference; fileEncoding = 4; lastKnownFileType = sourcecode.swift; path = Store.swift; sourceTree = "<group>"; };
		9CA941251DED1163002D36D4 /* Store+CoreDataProperties.swift */ = {isa = PBXFileReference; fileEncoding = 4; lastKnownFileType = sourcecode.swift; path = "Store+CoreDataProperties.swift"; sourceTree = "<group>"; };
		9CA941311DED1E73002D36D4 /* DreamListerTableViewCell.swift */ = {isa = PBXFileReference; fileEncoding = 4; lastKnownFileType = sourcecode.swift; path = DreamListerTableViewCell.swift; sourceTree = "<group>"; };
		9CA941331DED1F27002D36D4 /* MaterialView.swift */ = {isa = PBXFileReference; fileEncoding = 4; lastKnownFileType = sourcecode.swift; path = MaterialView.swift; sourceTree = "<group>"; };
/* End PBXFileReference section */

/* Begin PBXFrameworksBuildPhase section */
		9CA941031DED09FA002D36D4 /* Frameworks */ = {
			isa = PBXFrameworksBuildPhase;
			buildActionMask = 2147483647;
			files = (
			);
			runOnlyForDeploymentPostprocessing = 0;
		};
/* End PBXFrameworksBuildPhase section */

/* Begin PBXGroup section */
		9CA940FD1DED09FA002D36D4 = {
			isa = PBXGroup;
			children = (
				9CA941081DED09FA002D36D4 /* DreamLister */,
				9CA941071DED09FA002D36D4 /* Products */,
			);
			sourceTree = "<group>";
		};
		9CA941071DED09FA002D36D4 /* Products */ = {
			isa = PBXGroup;
			children = (
				9CA941061DED09FA002D36D4 /* DreamLister.app */,
			);
			name = Products;
			sourceTree = "<group>";
		};
		9CA941081DED09FA002D36D4 /* DreamLister */ = {
			isa = PBXGroup;
			children = (
				9CA941301DED1E5A002D36D4 /* View */,
				9CA9412E1DED118A002D36D4 /* Model */,
				9CA941091DED09FA002D36D4 /* AppDelegate.swift */,
				9CA9410B1DED09FA002D36D4 /* MainViewController.swift */,
				9CA9410D1DED09FA002D36D4 /* Main.storyboard */,
				9CA941131DED09FA002D36D4 /* Assets.xcassets */,
				9CA941151DED09FA002D36D4 /* LaunchScreen.storyboard */,
				9CA941181DED09FA002D36D4 /* Info.plist */,
				9CA941101DED09FA002D36D4 /* DreamLister.xcdatamodeld */,
			);
			path = DreamLister;
			sourceTree = "<group>";
		};
		9CA9412E1DED118A002D36D4 /* Model */ = {
			isa = PBXGroup;
			children = (
				9CA9411E1DED1163002D36D4 /* ItemType.swift */,
				9CA941201DED1163002D36D4 /* Item.swift */,
				9CA941221DED1163002D36D4 /* Image.swift */,
				9CA941241DED1163002D36D4 /* Store.swift */,
				9CA9412F1DED11A1002D36D4 /* Generated */,
			);
			name = Model;
			sourceTree = "<group>";
		};
		9CA9412F1DED11A1002D36D4 /* Generated */ = {
			isa = PBXGroup;
			children = (
				9CA9411F1DED1163002D36D4 /* ItemType+CoreDataProperties.swift */,
				9CA941211DED1163002D36D4 /* Item+CoreDataProperties.swift */,
				9CA941231DED1163002D36D4 /* Image+CoreDataProperties.swift */,
				9CA941251DED1163002D36D4 /* Store+CoreDataProperties.swift */,
			);
			name = Generated;
			sourceTree = "<group>";
		};
		9CA941301DED1E5A002D36D4 /* View */ = {
			isa = PBXGroup;
			children = (
				9CA941311DED1E73002D36D4 /* DreamListerTableViewCell.swift */,
				9CA941331DED1F27002D36D4 /* MaterialView.swift */,
			);
			name = View;
			sourceTree = "<group>";
		};
/* End PBXGroup section */

/* Begin PBXNativeTarget section */
		9CA941051DED09FA002D36D4 /* DreamLister */ = {
			isa = PBXNativeTarget;
			buildConfigurationList = 9CA9411B1DED09FA002D36D4 /* Build configuration list for PBXNativeTarget "DreamLister" */;
			buildPhases = (
				9CA941021DED09FA002D36D4 /* Sources */,
				9CA941031DED09FA002D36D4 /* Frameworks */,
				9CA941041DED09FA002D36D4 /* Resources */,
			);
			buildRules = (
			);
			dependencies = (
			);
			name = DreamLister;
			productName = DreamLister;
			productReference = 9CA941061DED09FA002D36D4 /* DreamLister.app */;
			productType = "com.apple.product-type.application";
		};
/* End PBXNativeTarget section */

/* Begin PBXProject section */
		9CA940FE1DED09FA002D36D4 /* Project object */ = {
			isa = PBXProject;
			attributes = {
				LastSwiftUpdateCheck = 0810;
				LastUpgradeCheck = 0810;
				ORGANIZATIONNAME = "Rafael Nicoleti";
				TargetAttributes = {
					9CA941051DED09FA002D36D4 = {
						CreatedOnToolsVersion = 8.1;
						DevelopmentTeam = 89J6DNEM9C;
						ProvisioningStyle = Automatic;
					};
				};
			};
			buildConfigurationList = 9CA941011DED09FA002D36D4 /* Build configuration list for PBXProject "DreamLister" */;
			compatibilityVersion = "Xcode 3.2";
			developmentRegion = English;
			hasScannedForEncodings = 0;
			knownRegions = (
				en,
				Base,
			);
			mainGroup = 9CA940FD1DED09FA002D36D4;
			productRefGroup = 9CA941071DED09FA002D36D4 /* Products */;
			projectDirPath = "";
			projectRoot = "";
			targets = (
				9CA941051DED09FA002D36D4 /* DreamLister */,
			);
		};
/* End PBXProject section */

/* Begin PBXResourcesBuildPhase section */
		9CA941041DED09FA002D36D4 /* Resources */ = {
			isa = PBXResourcesBuildPhase;
			buildActionMask = 2147483647;
			files = (
				9CA941171DED09FA002D36D4 /* LaunchScreen.storyboard in Resources */,
				9CA941141DED09FA002D36D4 /* Assets.xcassets in Resources */,
				9CA9410F1DED09FA002D36D4 /* Main.storyboard in Resources */,
			);
			runOnlyForDeploymentPostprocessing = 0;
		};
/* End PBXResourcesBuildPhase section */

/* Begin PBXSourcesBuildPhase section */
		9CA941021DED09FA002D36D4 /* Sources */ = {
			isa = PBXSourcesBuildPhase;
			buildActionMask = 2147483647;
			files = (
				9CA9412B1DED1163002D36D4 /* Image+CoreDataProperties.swift in Sources */,
				9CA941291DED1163002D36D4 /* Item+CoreDataProperties.swift in Sources */,
				9CA941281DED1163002D36D4 /* Item.swift in Sources */,
				9CA941341DED1F27002D36D4 /* MaterialView.swift in Sources */,
				9CA941261DED1163002D36D4 /* ItemType.swift in Sources */,
				9CA9412D1DED1163002D36D4 /* Store+CoreDataProperties.swift in Sources */,
				9CA9412A1DED1163002D36D4 /* Image.swift in Sources */,
				9CA941271DED1163002D36D4 /* ItemType+CoreDataProperties.swift in Sources */,
				9CA9410C1DED09FA002D36D4 /* MainViewController.swift in Sources */,
				9CA941321DED1E73002D36D4 /* DreamListerTableViewCell.swift in Sources */,
				9CA9412C1DED1163002D36D4 /* Store.swift in Sources */,
				9CA9410A1DED09FA002D36D4 /* AppDelegate.swift in Sources */,
				9CA941121DED09FA002D36D4 /* DreamLister.xcdatamodeld in Sources */,
			);
			runOnlyForDeploymentPostprocessing = 0;
		};
/* End PBXSourcesBuildPhase section */

/* Begin PBXVariantGroup section */
		9CA9410D1DED09FA002D36D4 /* Main.storyboard */ = {
			isa = PBXVariantGroup;
			children = (
				9CA9410E1DED09FA002D36D4 /* Base */,
			);
			name = Main.storyboard;
			sourceTree = "<group>";
		};
		9CA941151DED09FA002D36D4 /* LaunchScreen.storyboard */ = {
			isa = PBXVariantGroup;
			children = (
				9CA941161DED09FA002D36D4 /* Base */,
			);
			name = LaunchScreen.storyboard;
			sourceTree = "<group>";
		};
/* End PBXVariantGroup section */

/* Begin XCBuildConfiguration section */
		9CA941191DED09FA002D36D4 /* Debug */ = {
			isa = XCBuildConfiguration;
			buildSettings = {
				ALWAYS_SEARCH_USER_PATHS = NO;
				CLANG_ANALYZER_NONNULL = YES;
				CLANG_CXX_LANGUAGE_STANDARD = "gnu++0x";
				CLANG_CXX_LIBRARY = "libc++";
				CLANG_ENABLE_MODULES = YES;
				CLANG_ENABLE_OBJC_ARC = YES;
				CLANG_WARN_BOOL_CONVERSION = YES;
				CLANG_WARN_CONSTANT_CONVERSION = YES;
				CLANG_WARN_DIRECT_OBJC_ISA_USAGE = YES_ERROR;
				CLANG_WARN_DOCUMENTATION_COMMENTS = YES;
				CLANG_WARN_EMPTY_BODY = YES;
				CLANG_WARN_ENUM_CONVERSION = YES;
				CLANG_WARN_INFINITE_RECURSION = YES;
				CLANG_WARN_INT_CONVERSION = YES;
				CLANG_WARN_OBJC_ROOT_CLASS = YES_ERROR;
				CLANG_WARN_SUSPICIOUS_MOVES = YES;
				CLANG_WARN_UNREACHABLE_CODE = YES;
				CLANG_WARN__DUPLICATE_METHOD_MATCH = YES;
				"CODE_SIGN_IDENTITY[sdk=iphoneos*]" = "iPhone Developer";
				COPY_PHASE_STRIP = NO;
				DEBUG_INFORMATION_FORMAT = dwarf;
				ENABLE_STRICT_OBJC_MSGSEND = YES;
				ENABLE_TESTABILITY = YES;
				GCC_C_LANGUAGE_STANDARD = gnu99;
				GCC_DYNAMIC_NO_PIC = NO;
				GCC_NO_COMMON_BLOCKS = YES;
				GCC_OPTIMIZATION_LEVEL = 0;
				GCC_PREPROCESSOR_DEFINITIONS = (
					"DEBUG=1",
					"$(inherited)",
				);
				GCC_WARN_64_TO_32_BIT_CONVERSION = YES;
				GCC_WARN_ABOUT_RETURN_TYPE = YES_ERROR;
				GCC_WARN_UNDECLARED_SELECTOR = YES;
				GCC_WARN_UNINITIALIZED_AUTOS = YES_AGGRESSIVE;
				GCC_WARN_UNUSED_FUNCTION = YES;
				GCC_WARN_UNUSED_VARIABLE = YES;
				IPHONEOS_DEPLOYMENT_TARGET = 10.1;
				MTL_ENABLE_DEBUG_INFO = YES;
				ONLY_ACTIVE_ARCH = YES;
				SDKROOT = iphoneos;
				SWIFT_ACTIVE_COMPILATION_CONDITIONS = DEBUG;
				SWIFT_OPTIMIZATION_LEVEL = "-Onone";
			};
			name = Debug;
		};
		9CA9411A1DED09FA002D36D4 /* Release */ = {
			isa = XCBuildConfiguration;
			buildSettings = {
				ALWAYS_SEARCH_USER_PATHS = NO;
				CLANG_ANALYZER_NONNULL = YES;
				CLANG_CXX_LANGUAGE_STANDARD = "gnu++0x";
				CLANG_CXX_LIBRARY = "libc++";
				CLANG_ENABLE_MODULES = YES;
				CLANG_ENABLE_OBJC_ARC = YES;
				CLANG_WARN_BOOL_CONVERSION = YES;
				CLANG_WARN_CONSTANT_CONVERSION = YES;
				CLANG_WARN_DIRECT_OBJC_ISA_USAGE = YES_ERROR;
				CLANG_WARN_DOCUMENTATION_COMMENTS = YES;
				CLANG_WARN_EMPTY_BODY = YES;
				CLANG_WARN_ENUM_CONVERSION = YES;
				CLANG_WARN_INFINITE_RECURSION = YES;
				CLANG_WARN_INT_CONVERSION = YES;
				CLANG_WARN_OBJC_ROOT_CLASS = YES_ERROR;
				CLANG_WARN_SUSPICIOUS_MOVES = YES;
				CLANG_WARN_UNREACHABLE_CODE = YES;
				CLANG_WARN__DUPLICATE_METHOD_MATCH = YES;
				"CODE_SIGN_IDENTITY[sdk=iphoneos*]" = "iPhone Developer";
				COPY_PHASE_STRIP = NO;
				DEBUG_INFORMATION_FORMAT = "dwarf-with-dsym";
				ENABLE_NS_ASSERTIONS = NO;
				ENABLE_STRICT_OBJC_MSGSEND = YES;
				GCC_C_LANGUAGE_STANDARD = gnu99;
				GCC_NO_COMMON_BLOCKS = YES;
				GCC_WARN_64_TO_32_BIT_CONVERSION = YES;
				GCC_WARN_ABOUT_RETURN_TYPE = YES_ERROR;
				GCC_WARN_UNDECLARED_SELECTOR = YES;
				GCC_WARN_UNINITIALIZED_AUTOS = YES_AGGRESSIVE;
				GCC_WARN_UNUSED_FUNCTION = YES;
				GCC_WARN_UNUSED_VARIABLE = YES;
				IPHONEOS_DEPLOYMENT_TARGET = 10.1;
				MTL_ENABLE_DEBUG_INFO = NO;
				SDKROOT = iphoneos;
				SWIFT_OPTIMIZATION_LEVEL = "-Owholemodule";
				VALIDATE_PRODUCT = YES;
			};
			name = Release;
		};
		9CA9411C1DED09FA002D36D4 /* Debug */ = {
			isa = XCBuildConfiguration;
			buildSettings = {
				ASSETCATALOG_COMPILER_APPICON_NAME = AppIcon;
				DEVELOPMENT_TEAM = 89J6DNEM9C;
				INFOPLIST_FILE = DreamLister/Info.plist;
				LD_RUNPATH_SEARCH_PATHS = "$(inherited) @executable_path/Frameworks";
				PRODUCT_BUNDLE_IDENTIFIER = rafaelnicolett.DreamLister;
				PRODUCT_NAME = "$(TARGET_NAME)";
				SWIFT_VERSION = 3.0;
			};
			name = Debug;
		};
		9CA9411D1DED09FA002D36D4 /* Release */ = {
			isa = XCBuildConfiguration;
			buildSettings = {
				ASSETCATALOG_COMPILER_APPICON_NAME = AppIcon;
				DEVELOPMENT_TEAM = 89J6DNEM9C;
				INFOPLIST_FILE = DreamLister/Info.plist;
				LD_RUNPATH_SEARCH_PATHS = "$(inherited) @executable_path/Frameworks";
				PRODUCT_BUNDLE_IDENTIFIER = rafaelnicolett.DreamLister;
				PRODUCT_NAME = "$(TARGET_NAME)";
				SWIFT_VERSION = 3.0;
			};
			name = Release;
		};
/* End XCBuildConfiguration section */

/* Begin XCConfigurationList section */
		9CA941011DED09FA002D36D4 /* Build configuration list for PBXProject "DreamLister" */ = {
			isa = XCConfigurationList;
			buildConfigurations = (
				9CA941191DED09FA002D36D4 /* Debug */,
				9CA9411A1DED09FA002D36D4 /* Release */,
			);
			defaultConfigurationIsVisible = 0;
			defaultConfigurationName = Release;
		};
		9CA9411B1DED09FA002D36D4 /* Build configuration list for PBXNativeTarget "DreamLister" */ = {
			isa = XCConfigurationList;
			buildConfigurations = (
				9CA9411C1DED09FA002D36D4 /* Debug */,
				9CA9411D1DED09FA002D36D4 /* Release */,
			);
			defaultConfigurationIsVisible = 0;
		};
/* End XCConfigurationList section */

/* Begin XCVersionGroup section */
		9CA941101DED09FA002D36D4 /* DreamLister.xcdatamodeld */ = {
			isa = XCVersionGroup;
			children = (
				9CA941111DED09FA002D36D4 /* DreamLister.xcdatamodel */,
			);
			currentVersion = 9CA941111DED09FA002D36D4 /* DreamLister.xcdatamodel */;
			path = DreamLister.xcdatamodeld;
			sourceTree = "<group>";
			versionGroupType = wrapper.xcdatamodel;
		};
/* End XCVersionGroup section */
	};
	rootObject = 9CA940FE1DED09FA002D36D4 /* Project object */;
}
